
Microsoft Visual Studio Solution File, Format Version 12.00
# Visual Studio Version 17
VisualStudioVersion = 17.14.36414.22 d17.14
MinimumVisualStudioVersion = 10.0.40219.1
Project("{FAE04EC0-301F-11D3-BF4B-00C04F79EFBC}") = "FarmaDiApi", "FarmaDiApi\FarmaDiApi.csproj", "{7149F98E-EC6F-4A73-A945-C94AC87D5F2C}"
EndProject
Project("{FAE04EC0-301F-11D3-BF4B-00C04F79EFBC}") = "FarmaDiBusiness", "FarmaDiBusiness\FarmaDiBusiness.csproj", "{84214444-5ADA-45B5-9A3A-45BCE1F36DAD}"
EndProject
Project("{FAE04EC0-301F-11D3-BF4B-00C04F79EFBC}") = "FarmaDiCore", "FarmaDiCore\FarmaDiCore.csproj", "{FE4579CB-40C2-424E-B656-8CF5D9542462}"
EndProject
Project("{FAE04EC0-301F-11D3-BF4B-00C04F79EFBC}") = "FarmaDiDataAccess", "FarmaDiDataAccess\FarmaDiDataAccess.csproj", "{0D18A96D-F3B1-4D43-8EEC-A753AE9B95B5}"
EndProject
Global
	GlobalSection(SolutionConfigurationPlatforms) = preSolution
		Debug|Any CPU = Debug|Any CPU
		Release|Any CPU = Release|Any CPU
	EndGlobalSection
	GlobalSection(ProjectConfigurationPlatforms) = postSolution
		{7149F98E-EC6F-4A73-A945-C94AC87D5F2C}.Debug|Any CPU.ActiveCfg = Debug|Any CPU
		{7149F98E-EC6F-4A73-A945-C94AC87D5F2C}.Debug|Any CPU.Build.0 = Debug|Any CPU
		{7149F98E-EC6F-4A73-A945-C94AC87D5F2C}.Release|Any CPU.ActiveCfg = Release|Any CPU
		{7149F98E-EC6F-4A73-A945-C94AC87D5F2C}.Release|Any CPU.Build.0 = Release|Any CPU
		{84214444-5ADA-45B5-9A3A-45BCE1F36DAD}.Debug|Any CPU.ActiveCfg = Debug|Any CPU
		{84214444-5ADA-45B5-9A3A-45BCE1F36DAD}.Debug|Any CPU.Build.0 = Debug|Any CPU
		{84214444-5ADA-45B5-9A3A-45BCE1F36DAD}.Release|Any CPU.ActiveCfg = Release|Any CPU
		{84214444-5ADA-45B5-9A3A-45BCE1F36DAD}.Release|Any CPU.Build.0 = Release|Any CPU
		{FE4579CB-40C2-424E-B656-8CF5D9542462}.Debug|Any CPU.ActiveCfg = Debug|Any CPU
		{FE4579CB-40C2-424E-B656-8CF5D9542462}.Debug|Any CPU.Build.0 = Debug|Any CPU
		{FE4579CB-40C2-424E-B656-8CF5D9542462}.Release|Any CPU.ActiveCfg = Release|Any CPU
		{FE4579CB-40C2-424E-B656-8CF5D9542462}.Release|Any CPU.Build.0 = Release|Any CPU
		{0D18A96D-F3B1-4D43-8EEC-A753AE9B95B5}.Debug|Any CPU.ActiveCfg = Debug|Any CPU
		{0D18A96D-F3B1-4D43-8EEC-A753AE9B95B5}.Debug|Any CPU.Build.0 = Debug|Any CPU
		{0D18A96D-F3B1-4D43-8EEC-A753AE9B95B5}.Release|Any CPU.ActiveCfg = Release|Any CPU
		{0D18A96D-F3B1-4D43-8EEC-A753AE9B95B5}.Release|Any CPU.Build.0 = Release|Any CPU
	EndGlobalSection
	GlobalSection(SolutionProperties) = preSolution
		HideSolutionNode = FALSE
	EndGlobalSection
	GlobalSection(ExtensibilityGlobals) = postSolution
		SolutionGuid = {17F7137C-15CD-4EC2-AED0-4963E66272B5}
	EndGlobalSection
EndGlobal
